
Microsoft Visual Studio Solution File, Format Version 12.00
# Visual Studio Version 17
VisualStudioVersion = 17.5.33530.505
MinimumVisualStudioVersion = 10.0.40219.1
Project("{9A19103F-16F7-4668-BE54-9A1E7A4F7556}") = "Phone.SipSorcery", "Phone.SipSorcery\Phone.SipSorcery.csproj", "{BCE1F5FD-E624-4A73-9CE3-399B695D357B}"
EndProject
Project("{2150E333-8FDC-42A3-9474-1A3956D46DE8}") = "Samples", "Samples", "{72B216C3-02AB-4AB9-A001-7279C3EECA2F}"
EndProject
Project("{FAE04EC0-301F-11D3-BF4B-00C04F79EFBC}") = "PhoneTests", "PhoneTests\PhoneTests.csproj", "{123E43DA-7BE6-483D-938C-5742C3F0F66B}"
EndProject
Global
	GlobalSection(SolutionConfigurationPlatforms) = preSolution
		Debug|Any CPU = Debug|Any CPU
		Release|Any CPU = Release|Any CPU
	EndGlobalSection
	GlobalSection(ProjectConfigurationPlatforms) = postSolution
		{BCE1F5FD-E624-4A73-9CE3-399B695D357B}.Debug|Any CPU.ActiveCfg = Debug|Any CPU
		{BCE1F5FD-E624-4A73-9CE3-399B695D357B}.Debug|Any CPU.Build.0 = Debug|Any CPU
		{BCE1F5FD-E624-4A73-9CE3-399B695D357B}.Release|Any CPU.ActiveCfg = Release|Any CPU
		{BCE1F5FD-E624-4A73-9CE3-399B695D357B}.Release|Any CPU.Build.0 = Release|Any CPU
		{123E43DA-7BE6-483D-938C-5742C3F0F66B}.Debug|Any CPU.ActiveCfg = Debug|Any CPU
		{123E43DA-7BE6-483D-938C-5742C3F0F66B}.Debug|Any CPU.Build.0 = Debug|Any CPU
		{123E43DA-7BE6-483D-938C-5742C3F0F66B}.Release|Any CPU.ActiveCfg = Release|Any CPU
		{123E43DA-7BE6-483D-938C-5742C3F0F66B}.Release|Any CPU.Build.0 = Release|Any CPU
	EndGlobalSection
	GlobalSection(SolutionProperties) = preSolution
		HideSolutionNode = FALSE
	EndGlobalSection
	GlobalSection(NestedProjects) = preSolution
		{123E43DA-7BE6-483D-938C-5742C3F0F66B} = {72B216C3-02AB-4AB9-A001-7279C3EECA2F}
	EndGlobalSection
	GlobalSection(ExtensibilityGlobals) = postSolution
		SolutionGuid = {F9B26FA2-FEA9-45CA-8548-4A5E0C1F63F8}
	EndGlobalSection
EndGlobal
